// !$*UTF8*$!
{
	archiveVersion = 1;
	classes = {
	};
	objectVersion = 46;
	objects = {

/* Begin PBXBuildFile section */
		5F7489D915CC651D00DE3808 /* URAboutViewController.m in Sources */ = {isa = PBXBuildFile; fileRef = 5F7489D815CC651D00DE3808 /* URAboutViewController.m */; };
		5F7B329715A725A000FD4973 /* URAlertView.m in Sources */ = {isa = PBXBuildFile; fileRef = 5F7B329615A725A000FD4973 /* URAlertView.m */; };
		5F7B329C15A74F4300FD4973 /* URError.m in Sources */ = {isa = PBXBuildFile; fileRef = 5F7B329B15A74F4300FD4973 /* URError.m */; };
		5F8298A215CE2126002AE8E9 /* URQuestionViewController.m in Sources */ = {isa = PBXBuildFile; fileRef = 5F8298A115CE2125002AE8E9 /* URQuestionViewController.m */; };
		5F88C2651554230A006EFC6E /* libxml2.dylib in Frameworks */ = {isa = PBXBuildFile; fileRef = 5F88C2641554230A006EFC6E /* libxml2.dylib */; };
		5F88C26715542311006EFC6E /* QuartzCore.framework in Frameworks */ = {isa = PBXBuildFile; fileRef = 5F88C26615542311006EFC6E /* QuartzCore.framework */; };
		5F88C26B15542426006EFC6E /* URSchool.m in Sources */ = {isa = PBXBuildFile; fileRef = 5F88C26A15542426006EFC6E /* URSchool.m */; };
		5F88C2701554247C006EFC6E /* URInstructor.m in Sources */ = {isa = PBXBuildFile; fileRef = 5F88C26F1554247C006EFC6E /* URInstructor.m */; };
		5F88C2731554248E006EFC6E /* URQueue.m in Sources */ = {isa = PBXBuildFile; fileRef = 5F88C2721554248E006EFC6E /* URQueue.m */; };
		5F88C2761554249A006EFC6E /* URStudent.m in Sources */ = {isa = PBXBuildFile; fileRef = 5F88C2751554249A006EFC6E /* URStudent.m */; };
		5F88C279155424A6006EFC6E /* URTa.m in Sources */ = {isa = PBXBuildFile; fileRef = 5F88C278155424A6006EFC6E /* URTa.m */; };
		5F88C28215544AB9006EFC6E /* URLoginViewController.m in Sources */ = {isa = PBXBuildFile; fileRef = 5F88C28115544AB9006EFC6E /* URLoginViewController.m */; };
		5F88C28515545DD8006EFC6E /* URQueueViewController.m in Sources */ = {isa = PBXBuildFile; fileRef = 5F88C28415545DD8006EFC6E /* URQueueViewController.m */; };
		5F88C288155462C5006EFC6E /* URUser.m in Sources */ = {isa = PBXBuildFile; fileRef = 5F88C287155462C5006EFC6E /* URUser.m */; };
		5F88C28B1554A2DF006EFC6E /* URObject.m in Sources */ = {isa = PBXBuildFile; fileRef = 5F88C28A1554A2DF006EFC6E /* URObject.m */; };
		5F88C2F715575FAF006EFC6E /* URJuggernautClient.m in Sources */ = {isa = PBXBuildFile; fileRef = 5F88C2F615575FAE006EFC6E /* URJuggernautClient.m */; };
		5F92B8C8154876E9006AB042 /* UIKit.framework in Frameworks */ = {isa = PBXBuildFile; fileRef = 5F92B8C7154876E9006AB042 /* UIKit.framework */; };
		5F92B8CA154876EA006AB042 /* Foundation.framework in Frameworks */ = {isa = PBXBuildFile; fileRef = 5F92B8C9154876EA006AB042 /* Foundation.framework */; };
		5F92B8CC154876EA006AB042 /* CoreGraphics.framework in Frameworks */ = {isa = PBXBuildFile; fileRef = 5F92B8CB154876EA006AB042 /* CoreGraphics.framework */; };
		5F92B8D2154876EA006AB042 /* InfoPlist.strings in Resources */ = {isa = PBXBuildFile; fileRef = 5F92B8D0154876EA006AB042 /* InfoPlist.strings */; };
		5F92B8D4154876EA006AB042 /* main.m in Sources */ = {isa = PBXBuildFile; fileRef = 5F92B8D3154876EA006AB042 /* main.m */; };
		5F92B8D8154876EA006AB042 /* URAppDelegate.m in Sources */ = {isa = PBXBuildFile; fileRef = 5F92B8D7154876EA006AB042 /* URAppDelegate.m */; };
		5F92B8DB154876EA006AB042 /* MainStoryboard_iPhone.storyboard in Resources */ = {isa = PBXBuildFile; fileRef = 5F92B8D9154876EA006AB042 /* MainStoryboard_iPhone.storyboard */; };
		5F92B8DE154876EA006AB042 /* MainStoryboard_iPad.storyboard in Resources */ = {isa = PBXBuildFile; fileRef = 5F92B8DC154876EA006AB042 /* MainStoryboard_iPad.storyboard */; };
		5F92B8E1154876EA006AB042 /* URViewController.m in Sources */ = {isa = PBXBuildFile; fileRef = 5F92B8E0154876EA006AB042 /* URViewController.m */; };
		5FB832A315B67B9F00F4F037 /* URDefaults.m in Sources */ = {isa = PBXBuildFile; fileRef = 5FB832A215B67B9F00F4F037 /* URDefaults.m */; };
		5FB832A815B6844B00F4F037 /* URSchoolSettingsViewController.m in Sources */ = {isa = PBXBuildFile; fileRef = 5FB832A715B6844B00F4F037 /* URSchoolSettingsViewController.m */; };
		5FC183701AD3A0CB00029D9D /* Media.xcassets in Resources */ = {isa = PBXBuildFile; fileRef = 5FC1836F1AD3A0CB00029D9D /* Media.xcassets */; };
		5FC90FCF15A6B82A00B217E2 /* URLoginNetworkManager.m in Sources */ = {isa = PBXBuildFile; fileRef = 5FC90FCE15A6B82A00B217E2 /* URLoginNetworkManager.m */; };
		5FC90FD315A6C4ED00B217E2 /* URQueueNetworkManager.m in Sources */ = {isa = PBXBuildFile; fileRef = 5FC90FD215A6C4ED00B217E2 /* URQueueNetworkManager.m */; };
		5FC9C42C15CF8D8C001984C6 /* icon~iphone.png in Resources */ = {isa = PBXBuildFile; fileRef = 5FC9C42815CF8D8C001984C6 /* icon~iphone.png */; };
		5FC9C42D15CF8D8C001984C6 /* icon~iphone@2x.png in Resources */ = {isa = PBXBuildFile; fileRef = 5FC9C42915CF8D8C001984C6 /* icon~iphone@2x.png */; };
		5FC9C42E15CF8D8C001984C6 /* icon~ipad@2x.png in Resources */ = {isa = PBXBuildFile; fileRef = 5FC9C42A15CF8D8C001984C6 /* icon~ipad@2x.png */; };
		5FC9C42F15CF8D8C001984C6 /* icon~ipad.png in Resources */ = {isa = PBXBuildFile; fileRef = 5FC9C42B15CF8D8C001984C6 /* icon~ipad.png */; };
		5FE4B1FA15CC2654002C3F42 /* SourceSansPro-Light.ttf in Resources */ = {isa = PBXBuildFile; fileRef = 5FE4B1F815CC2654002C3F42 /* SourceSansPro-Light.ttf */; };
		5FE4B1FB15CC2654002C3F42 /* SourceSansPro-Regular.ttf in Resources */ = {isa = PBXBuildFile; fileRef = 5FE4B1F915CC2654002C3F42 /* SourceSansPro-Regular.ttf */; };
		5FEBE9F31AD1770100154932 /* SSPullToRefreshDefaultContentView.m in Sources */ = {isa = PBXBuildFile; fileRef = 5FEBE9EE1AD1770100154932 /* SSPullToRefreshDefaultContentView.m */; };
		5FEBE9F41AD1770100154932 /* SSPullToRefreshSimpleContentView.m in Sources */ = {isa = PBXBuildFile; fileRef = 5FEBE9F01AD1770100154932 /* SSPullToRefreshSimpleContentView.m */; };
		5FEBE9F51AD1770100154932 /* SSPullToRefreshView.m in Sources */ = {isa = PBXBuildFile; fileRef = 5FEBE9F21AD1770100154932 /* SSPullToRefreshView.m */; };
		5FEBE9F71AD179E600154932 /* Images.xcassets in Resources */ = {isa = PBXBuildFile; fileRef = 5FEBE9F61AD179E600154932 /* Images.xcassets */; };
		5FEE37611ACE510A009DDFC4 /* Main.storyboard in Resources */ = {isa = PBXBuildFile; fileRef = 5FEE37601ACE510A009DDFC4 /* Main.storyboard */; };
		5FEE37631ACE527F009DDFC4 /* LaunchScreen.xib in Resources */ = {isa = PBXBuildFile; fileRef = 5FEE37621ACE527F009DDFC4 /* LaunchScreen.xib */; };
		5FEE376C1ACE54EA009DDFC4 /* MessageUI.framework in Frameworks */ = {isa = PBXBuildFile; fileRef = 5F7489DB15CC6A0A00DE3808 /* MessageUI.framework */; };
		5FFCFDF4166EBCDD00F8300D /* Default-568h@2x.png in Resources */ = {isa = PBXBuildFile; fileRef = 5FFCFDF3166EBCDD00F8300D /* Default-568h@2x.png */; };
		5FFCFDF7166EC3F200F8300D /* NSString+HTML.m in Sources */ = {isa = PBXBuildFile; fileRef = 5FFCFDF6166EC3F200F8300D /* NSString+HTML.m */; settings = {COMPILER_FLAGS = "-fno-objc-arc"; }; };
		5FFCFDFA166EC4BB00F8300D /* GTMNSString+HTML.m in Sources */ = {isa = PBXBuildFile; fileRef = 5FFCFDF9166EC4BB00F8300D /* GTMNSString+HTML.m */; settings = {COMPILER_FLAGS = "-fno-objc-arc"; }; };
/* End PBXBuildFile section */

/* Begin PBXFileReference section */
		161BFB2C0A92593C7F36A195 /* libPods-ta_queue_ios.a */ = {isa = PBXFileReference; explicitFileType = archive.ar; includeInIndex = 0; path = "libPods-ta_queue_ios.a"; sourceTree = BUILT_PRODUCTS_DIR; };
		41D6D97EFBB0352A8045C6BD /* Pods.debug.xcconfig */ = {isa = PBXFileReference; includeInIndex = 1; lastKnownFileType = text.xcconfig; name = Pods.debug.xcconfig; path = "Pods/Target Support Files/Pods/Pods.debug.xcconfig"; sourceTree = "<group>"; };
		5F34D6A6162C9E8B00550241 /* libTestFlight.a */ = {isa = PBXFileReference; lastKnownFileType = archive.ar; name = libTestFlight.a; path = Pods/TestFlightSDK/libTestFlight.a; sourceTree = "<group>"; };
		5F7489D715CC651D00DE3808 /* URAboutViewController.h */ = {isa = PBXFileReference; fileEncoding = 4; lastKnownFileType = sourcecode.c.h; path = URAboutViewController.h; sourceTree = "<group>"; };
		5F7489D815CC651D00DE3808 /* URAboutViewController.m */ = {isa = PBXFileReference; fileEncoding = 4; lastKnownFileType = sourcecode.c.objc; path = URAboutViewController.m; sourceTree = "<group>"; };
		5F7489DB15CC6A0A00DE3808 /* MessageUI.framework */ = {isa = PBXFileReference; lastKnownFileType = wrapper.framework; name = MessageUI.framework; path = System/Library/Frameworks/MessageUI.framework; sourceTree = SDKROOT; };
		5F7B329515A725A000FD4973 /* URAlertView.h */ = {isa = PBXFileReference; fileEncoding = 4; lastKnownFileType = sourcecode.c.h; path = URAlertView.h; sourceTree = "<group>"; };
		5F7B329615A725A000FD4973 /* URAlertView.m */ = {isa = PBXFileReference; fileEncoding = 4; lastKnownFileType = sourcecode.c.objc; path = URAlertView.m; sourceTree = "<group>"; };
		5F7B329A15A74F4300FD4973 /* URError.h */ = {isa = PBXFileReference; fileEncoding = 4; lastKnownFileType = sourcecode.c.h; path = URError.h; sourceTree = "<group>"; };
		5F7B329B15A74F4300FD4973 /* URError.m */ = {isa = PBXFileReference; fileEncoding = 4; lastKnownFileType = sourcecode.c.objc; path = URError.m; sourceTree = "<group>"; };
		5F8298A015CE2125002AE8E9 /* URQuestionViewController.h */ = {isa = PBXFileReference; fileEncoding = 4; lastKnownFileType = sourcecode.c.h; path = URQuestionViewController.h; sourceTree = "<group>"; };
		5F8298A115CE2125002AE8E9 /* URQuestionViewController.m */ = {isa = PBXFileReference; fileEncoding = 4; lastKnownFileType = sourcecode.c.objc; path = URQuestionViewController.m; sourceTree = "<group>"; };
		5F88C25A155422E6006EFC6E /* CFNetwork.framework */ = {isa = PBXFileReference; lastKnownFileType = wrapper.framework; name = CFNetwork.framework; path = System/Library/Frameworks/CFNetwork.framework; sourceTree = SDKROOT; };
		5F88C25C155422ED006EFC6E /* CoreData.framework */ = {isa = PBXFileReference; lastKnownFileType = wrapper.framework; name = CoreData.framework; path = System/Library/Frameworks/CoreData.framework; sourceTree = SDKROOT; };
		5F88C25E155422F3006EFC6E /* Security.framework */ = {isa = PBXFileReference; lastKnownFileType = wrapper.framework; name = Security.framework; path = System/Library/Frameworks/Security.framework; sourceTree = SDKROOT; };
		5F88C260155422FC006EFC6E /* MobileCoreServices.framework */ = {isa = PBXFileReference; lastKnownFileType = wrapper.framework; name = MobileCoreServices.framework; path = System/Library/Frameworks/MobileCoreServices.framework; sourceTree = SDKROOT; };
		5F88C26215542303006EFC6E /* SystemConfiguration.framework */ = {isa = PBXFileReference; lastKnownFileType = wrapper.framework; name = SystemConfiguration.framework; path = System/Library/Frameworks/SystemConfiguration.framework; sourceTree = SDKROOT; };
		5F88C2641554230A006EFC6E /* libxml2.dylib */ = {isa = PBXFileReference; lastKnownFileType = "compiled.mach-o.dylib"; name = libxml2.dylib; path = usr/lib/libxml2.dylib; sourceTree = SDKROOT; };
		5F88C26615542311006EFC6E /* QuartzCore.framework */ = {isa = PBXFileReference; lastKnownFileType = wrapper.framework; name = QuartzCore.framework; path = System/Library/Frameworks/QuartzCore.framework; sourceTree = SDKROOT; };
		5F88C26915542426006EFC6E /* URSchool.h */ = {isa = PBXFileReference; fileEncoding = 4; lastKnownFileType = sourcecode.c.h; path = URSchool.h; sourceTree = "<group>"; };
		5F88C26A15542426006EFC6E /* URSchool.m */ = {isa = PBXFileReference; fileEncoding = 4; lastKnownFileType = sourcecode.c.objc; path = URSchool.m; sourceTree = "<group>"; };
		5F88C26E1554247C006EFC6E /* URInstructor.h */ = {isa = PBXFileReference; fileEncoding = 4; lastKnownFileType = sourcecode.c.h; path = URInstructor.h; sourceTree = "<group>"; };
		5F88C26F1554247C006EFC6E /* URInstructor.m */ = {isa = PBXFileReference; fileEncoding = 4; lastKnownFileType = sourcecode.c.objc; path = URInstructor.m; sourceTree = "<group>"; };
		5F88C2711554248E006EFC6E /* URQueue.h */ = {isa = PBXFileReference; fileEncoding = 4; lastKnownFileType = sourcecode.c.h; path = URQueue.h; sourceTree = "<group>"; };
		5F88C2721554248E006EFC6E /* URQueue.m */ = {isa = PBXFileReference; fileEncoding = 4; lastKnownFileType = sourcecode.c.objc; path = URQueue.m; sourceTree = "<group>"; };
		5F88C2741554249A006EFC6E /* URStudent.h */ = {isa = PBXFileReference; fileEncoding = 4; lastKnownFileType = sourcecode.c.h; path = URStudent.h; sourceTree = "<group>"; };
		5F88C2751554249A006EFC6E /* URStudent.m */ = {isa = PBXFileReference; fileEncoding = 4; lastKnownFileType = sourcecode.c.objc; path = URStudent.m; sourceTree = "<group>"; };
		5F88C277155424A6006EFC6E /* URTa.h */ = {isa = PBXFileReference; fileEncoding = 4; lastKnownFileType = sourcecode.c.h; path = URTa.h; sourceTree = "<group>"; };
		5F88C278155424A6006EFC6E /* URTa.m */ = {isa = PBXFileReference; fileEncoding = 4; lastKnownFileType = sourcecode.c.objc; path = URTa.m; sourceTree = "<group>"; };
		5F88C28015544AB9006EFC6E /* URLoginViewController.h */ = {isa = PBXFileReference; fileEncoding = 4; lastKnownFileType = sourcecode.c.h; path = URLoginViewController.h; sourceTree = "<group>"; };
		5F88C28115544AB9006EFC6E /* URLoginViewController.m */ = {isa = PBXFileReference; fileEncoding = 4; lastKnownFileType = sourcecode.c.objc; path = URLoginViewController.m; sourceTree = "<group>"; };
		5F88C28315545DD8006EFC6E /* URQueueViewController.h */ = {isa = PBXFileReference; fileEncoding = 4; lastKnownFileType = sourcecode.c.h; path = URQueueViewController.h; sourceTree = "<group>"; };
		5F88C28415545DD8006EFC6E /* URQueueViewController.m */ = {isa = PBXFileReference; fileEncoding = 4; lastKnownFileType = sourcecode.c.objc; path = URQueueViewController.m; sourceTree = "<group>"; };
		5F88C286155462C5006EFC6E /* URUser.h */ = {isa = PBXFileReference; fileEncoding = 4; lastKnownFileType = sourcecode.c.h; path = URUser.h; sourceTree = "<group>"; };
		5F88C287155462C5006EFC6E /* URUser.m */ = {isa = PBXFileReference; fileEncoding = 4; lastKnownFileType = sourcecode.c.objc; path = URUser.m; sourceTree = "<group>"; };
		5F88C2891554A2DF006EFC6E /* URObject.h */ = {isa = PBXFileReference; fileEncoding = 4; lastKnownFileType = sourcecode.c.h; path = URObject.h; sourceTree = "<group>"; };
		5F88C28A1554A2DF006EFC6E /* URObject.m */ = {isa = PBXFileReference; fileEncoding = 4; lastKnownFileType = sourcecode.c.objc; path = URObject.m; sourceTree = "<group>"; };
		5F88C2F515575FAE006EFC6E /* URJuggernautClient.h */ = {isa = PBXFileReference; fileEncoding = 4; lastKnownFileType = sourcecode.c.h; path = URJuggernautClient.h; sourceTree = "<group>"; };
		5F88C2F615575FAE006EFC6E /* URJuggernautClient.m */ = {isa = PBXFileReference; fileEncoding = 4; lastKnownFileType = sourcecode.c.objc; path = URJuggernautClient.m; sourceTree = "<group>"; };
		5F92B8C3154876E9006AB042 /* ta_queue_ios.app */ = {isa = PBXFileReference; explicitFileType = wrapper.application; includeInIndex = 0; path = ta_queue_ios.app; sourceTree = BUILT_PRODUCTS_DIR; };
		5F92B8C7154876E9006AB042 /* UIKit.framework */ = {isa = PBXFileReference; lastKnownFileType = wrapper.framework; name = UIKit.framework; path = System/Library/Frameworks/UIKit.framework; sourceTree = SDKROOT; };
		5F92B8C9154876EA006AB042 /* Foundation.framework */ = {isa = PBXFileReference; lastKnownFileType = wrapper.framework; name = Foundation.framework; path = System/Library/Frameworks/Foundation.framework; sourceTree = SDKROOT; };
		5F92B8CB154876EA006AB042 /* CoreGraphics.framework */ = {isa = PBXFileReference; lastKnownFileType = wrapper.framework; name = CoreGraphics.framework; path = System/Library/Frameworks/CoreGraphics.framework; sourceTree = SDKROOT; };
		5F92B8CF154876EA006AB042 /* ta_queue_ios-Info.plist */ = {isa = PBXFileReference; lastKnownFileType = text.plist.xml; path = "ta_queue_ios-Info.plist"; sourceTree = "<group>"; };
		5F92B8D1154876EA006AB042 /* en */ = {isa = PBXFileReference; lastKnownFileType = text.plist.strings; name = en; path = en.lproj/InfoPlist.strings; sourceTree = "<group>"; };
		5F92B8D3154876EA006AB042 /* main.m */ = {isa = PBXFileReference; lastKnownFileType = sourcecode.c.objc; path = main.m; sourceTree = "<group>"; };
		5F92B8D5154876EA006AB042 /* ta_queue_ios-Prefix.pch */ = {isa = PBXFileReference; lastKnownFileType = sourcecode.c.h; path = "ta_queue_ios-Prefix.pch"; sourceTree = "<group>"; };
		5F92B8D6154876EA006AB042 /* URAppDelegate.h */ = {isa = PBXFileReference; lastKnownFileType = sourcecode.c.h; path = URAppDelegate.h; sourceTree = "<group>"; };
		5F92B8D7154876EA006AB042 /* URAppDelegate.m */ = {isa = PBXFileReference; lastKnownFileType = sourcecode.c.objc; path = URAppDelegate.m; sourceTree = "<group>"; };
		5F92B8DA154876EA006AB042 /* en */ = {isa = PBXFileReference; lastKnownFileType = file.storyboard; name = en; path = en.lproj/MainStoryboard_iPhone.storyboard; sourceTree = "<group>"; };
		5F92B8DD154876EA006AB042 /* en */ = {isa = PBXFileReference; lastKnownFileType = file.storyboard; name = en; path = en.lproj/MainStoryboard_iPad.storyboard; sourceTree = "<group>"; };
		5F92B8DF154876EA006AB042 /* URViewController.h */ = {isa = PBXFileReference; lastKnownFileType = sourcecode.c.h; path = URViewController.h; sourceTree = "<group>"; };
		5F92B8E0154876EA006AB042 /* URViewController.m */ = {isa = PBXFileReference; lastKnownFileType = sourcecode.c.objc; path = URViewController.m; sourceTree = "<group>"; };
		5FB832A115B67B9F00F4F037 /* URDefaults.h */ = {isa = PBXFileReference; fileEncoding = 4; lastKnownFileType = sourcecode.c.h; path = URDefaults.h; sourceTree = "<group>"; };
		5FB832A215B67B9F00F4F037 /* URDefaults.m */ = {isa = PBXFileReference; fileEncoding = 4; lastKnownFileType = sourcecode.c.objc; path = URDefaults.m; sourceTree = "<group>"; };
		5FB832A615B6844B00F4F037 /* URSchoolSettingsViewController.h */ = {isa = PBXFileReference; fileEncoding = 4; lastKnownFileType = sourcecode.c.h; path = URSchoolSettingsViewController.h; sourceTree = "<group>"; };
		5FB832A715B6844B00F4F037 /* URSchoolSettingsViewController.m */ = {isa = PBXFileReference; fileEncoding = 4; lastKnownFileType = sourcecode.c.objc; path = URSchoolSettingsViewController.m; sourceTree = "<group>"; };
		5FC1836F1AD3A0CB00029D9D /* Media.xcassets */ = {isa = PBXFileReference; lastKnownFileType = folder.assetcatalog; path = Media.xcassets; sourceTree = "<group>"; };
		5FC90FCD15A6B82A00B217E2 /* URLoginNetworkManager.h */ = {isa = PBXFileReference; fileEncoding = 4; lastKnownFileType = sourcecode.c.h; path = URLoginNetworkManager.h; sourceTree = "<group>"; };
		5FC90FCE15A6B82A00B217E2 /* URLoginNetworkManager.m */ = {isa = PBXFileReference; fileEncoding = 4; lastKnownFileType = sourcecode.c.objc; path = URLoginNetworkManager.m; sourceTree = "<group>"; };
		5FC90FD115A6C4ED00B217E2 /* URQueueNetworkManager.h */ = {isa = PBXFileReference; fileEncoding = 4; lastKnownFileType = sourcecode.c.h; path = URQueueNetworkManager.h; sourceTree = "<group>"; };
		5FC90FD215A6C4ED00B217E2 /* URQueueNetworkManager.m */ = {isa = PBXFileReference; fileEncoding = 4; lastKnownFileType = sourcecode.c.objc; path = URQueueNetworkManager.m; sourceTree = "<group>"; };
		5FC9C42815CF8D8C001984C6 /* icon~iphone.png */ = {isa = PBXFileReference; lastKnownFileType = image.png; name = "icon~iphone.png"; path = "../icon~iphone.png"; sourceTree = "<group>"; };
		5FC9C42915CF8D8C001984C6 /* icon~iphone@2x.png */ = {isa = PBXFileReference; lastKnownFileType = image.png; name = "icon~iphone@2x.png"; path = "../icon~iphone@2x.png"; sourceTree = "<group>"; };
		5FC9C42A15CF8D8C001984C6 /* icon~ipad@2x.png */ = {isa = PBXFileReference; lastKnownFileType = image.png; name = "icon~ipad@2x.png"; path = "../icon~ipad@2x.png"; sourceTree = "<group>"; };
		5FC9C42B15CF8D8C001984C6 /* icon~ipad.png */ = {isa = PBXFileReference; lastKnownFileType = image.png; name = "icon~ipad.png"; path = "../icon~ipad.png"; sourceTree = "<group>"; };
		5FDBD3851627BA5000A83631 /* CoreTelephony.framework */ = {isa = PBXFileReference; lastKnownFileType = wrapper.framework; name = CoreTelephony.framework; path = System/Library/Frameworks/CoreTelephony.framework; sourceTree = SDKROOT; };
		5FE4B1F815CC2654002C3F42 /* SourceSansPro-Light.ttf */ = {isa = PBXFileReference; lastKnownFileType = file; path = "SourceSansPro-Light.ttf"; sourceTree = "<group>"; };
		5FE4B1F915CC2654002C3F42 /* SourceSansPro-Regular.ttf */ = {isa = PBXFileReference; lastKnownFileType = file; path = "SourceSansPro-Regular.ttf"; sourceTree = "<group>"; };
		5FEBE9EC1AD1770100154932 /* SSPullToRefresh.h */ = {isa = PBXFileReference; fileEncoding = 4; lastKnownFileType = sourcecode.c.h; path = SSPullToRefresh.h; sourceTree = "<group>"; };
		5FEBE9ED1AD1770100154932 /* SSPullToRefreshDefaultContentView.h */ = {isa = PBXFileReference; fileEncoding = 4; lastKnownFileType = sourcecode.c.h; path = SSPullToRefreshDefaultContentView.h; sourceTree = "<group>"; };
		5FEBE9EE1AD1770100154932 /* SSPullToRefreshDefaultContentView.m */ = {isa = PBXFileReference; fileEncoding = 4; lastKnownFileType = sourcecode.c.objc; path = SSPullToRefreshDefaultContentView.m; sourceTree = "<group>"; };
		5FEBE9EF1AD1770100154932 /* SSPullToRefreshSimpleContentView.h */ = {isa = PBXFileReference; fileEncoding = 4; lastKnownFileType = sourcecode.c.h; path = SSPullToRefreshSimpleContentView.h; sourceTree = "<group>"; };
		5FEBE9F01AD1770100154932 /* SSPullToRefreshSimpleContentView.m */ = {isa = PBXFileReference; fileEncoding = 4; lastKnownFileType = sourcecode.c.objc; path = SSPullToRefreshSimpleContentView.m; sourceTree = "<group>"; };
		5FEBE9F11AD1770100154932 /* SSPullToRefreshView.h */ = {isa = PBXFileReference; fileEncoding = 4; lastKnownFileType = sourcecode.c.h; path = SSPullToRefreshView.h; sourceTree = "<group>"; };
		5FEBE9F21AD1770100154932 /* SSPullToRefreshView.m */ = {isa = PBXFileReference; fileEncoding = 4; lastKnownFileType = sourcecode.c.objc; path = SSPullToRefreshView.m; sourceTree = "<group>"; };
		5FEBE9F61AD179E600154932 /* Images.xcassets */ = {isa = PBXFileReference; lastKnownFileType = folder.assetcatalog; path = Images.xcassets; sourceTree = "<group>"; };
		5FEE37601ACE510A009DDFC4 /* Main.storyboard */ = {isa = PBXFileReference; fileEncoding = 4; lastKnownFileType = file.storyboard; path = Main.storyboard; sourceTree = "<group>"; };
		5FEE37621ACE527F009DDFC4 /* LaunchScreen.xib */ = {isa = PBXFileReference; fileEncoding = 4; lastKnownFileType = file.xib; path = LaunchScreen.xib; sourceTree = "<group>"; };
		5FFCFDF3166EBCDD00F8300D /* Default-568h@2x.png */ = {isa = PBXFileReference; lastKnownFileType = image.png; path = "Default-568h@2x.png"; sourceTree = "<group>"; };
		5FFCFDF5166EC3F200F8300D /* NSString+HTML.h */ = {isa = PBXFileReference; fileEncoding = 4; lastKnownFileType = sourcecode.c.h; path = "NSString+HTML.h"; sourceTree = "<group>"; };
		5FFCFDF6166EC3F200F8300D /* NSString+HTML.m */ = {isa = PBXFileReference; fileEncoding = 4; lastKnownFileType = sourcecode.c.objc; path = "NSString+HTML.m"; sourceTree = "<group>"; };
		5FFCFDF8166EC4BB00F8300D /* GTMNSString+HTML.h */ = {isa = PBXFileReference; fileEncoding = 4; lastKnownFileType = sourcecode.c.h; path = "GTMNSString+HTML.h"; sourceTree = "<group>"; };
		5FFCFDF9166EC4BB00F8300D /* GTMNSString+HTML.m */ = {isa = PBXFileReference; fileEncoding = 4; lastKnownFileType = sourcecode.c.objc; path = "GTMNSString+HTML.m"; sourceTree = "<group>"; };
		B8F312897FA241DAAAE72D47 /* libPods.a */ = {isa = PBXFileReference; explicitFileType = archive.ar; includeInIndex = 0; path = libPods.a; sourceTree = BUILT_PRODUCTS_DIR; };
		F07090841421D7FFB5568061 /* Pods.release.xcconfig */ = {isa = PBXFileReference; includeInIndex = 1; lastKnownFileType = text.xcconfig; name = Pods.release.xcconfig; path = "Pods/Target Support Files/Pods/Pods.release.xcconfig"; sourceTree = "<group>"; };
/* End PBXFileReference section */

/* Begin PBXFrameworksBuildPhase section */
		5F92B8C0154876E9006AB042 /* Frameworks */ = {
			isa = PBXFrameworksBuildPhase;
			buildActionMask = 2147483647;
			files = (
				5FEE376C1ACE54EA009DDFC4 /* MessageUI.framework in Frameworks */,
				5F88C26715542311006EFC6E /* QuartzCore.framework in Frameworks */,
				5F88C2651554230A006EFC6E /* libxml2.dylib in Frameworks */,
				5F92B8C8154876E9006AB042 /* UIKit.framework in Frameworks */,
				5F92B8CA154876EA006AB042 /* Foundation.framework in Frameworks */,
				5F92B8CC154876EA006AB042 /* CoreGraphics.framework in Frameworks */,
			);
			runOnlyForDeploymentPostprocessing = 0;
		};
/* End PBXFrameworksBuildPhase section */

/* Begin PBXGroup section */
		4E8CC288AF5A23EBD509244B /* Pods */ = {
			isa = PBXGroup;
			children = (
				41D6D97EFBB0352A8045C6BD /* Pods.debug.xcconfig */,
				F07090841421D7FFB5568061 /* Pods.release.xcconfig */,
			);
			name = Pods;
			sourceTree = "<group>";
		};
		5F7B329915A74F2800FD4973 /* Util */ = {
			isa = PBXGroup;
			children = (
				5F7B329515A725A000FD4973 /* URAlertView.h */,
				5F7B329615A725A000FD4973 /* URAlertView.m */,
				5F7B329A15A74F4300FD4973 /* URError.h */,
				5F7B329B15A74F4300FD4973 /* URError.m */,
				5FB832A115B67B9F00F4F037 /* URDefaults.h */,
				5FB832A215B67B9F00F4F037 /* URDefaults.m */,
				5FFCFDF5166EC3F200F8300D /* NSString+HTML.h */,
				5FFCFDF6166EC3F200F8300D /* NSString+HTML.m */,
				5FFCFDF8166EC4BB00F8300D /* GTMNSString+HTML.h */,
				5FFCFDF9166EC4BB00F8300D /* GTMNSString+HTML.m */,
			);
			name = Util;
			sourceTree = "<group>";
		};
		5F88C26C15542432006EFC6E /* Models */ = {
			isa = PBXGroup;
			children = (
				5F88C26915542426006EFC6E /* URSchool.h */,
				5F88C26A15542426006EFC6E /* URSchool.m */,
				5F88C26E1554247C006EFC6E /* URInstructor.h */,
				5F88C26F1554247C006EFC6E /* URInstructor.m */,
				5F88C2711554248E006EFC6E /* URQueue.h */,
				5F88C2721554248E006EFC6E /* URQueue.m */,
				5F88C2741554249A006EFC6E /* URStudent.h */,
				5F88C2751554249A006EFC6E /* URStudent.m */,
				5F88C277155424A6006EFC6E /* URTa.h */,
				5F88C278155424A6006EFC6E /* URTa.m */,
				5F88C286155462C5006EFC6E /* URUser.h */,
				5F88C287155462C5006EFC6E /* URUser.m */,
				5F88C2891554A2DF006EFC6E /* URObject.h */,
				5F88C28A1554A2DF006EFC6E /* URObject.m */,
				5F88C2F515575FAE006EFC6E /* URJuggernautClient.h */,
				5F88C2F615575FAE006EFC6E /* URJuggernautClient.m */,
			);
			name = Models;
			sourceTree = "<group>";
		};
		5F88C26D15542441006EFC6E /* Controllers */ = {
			isa = PBXGroup;
			children = (
				5F92B8DF154876EA006AB042 /* URViewController.h */,
				5F92B8E0154876EA006AB042 /* URViewController.m */,
				5F88C28015544AB9006EFC6E /* URLoginViewController.h */,
				5F88C28115544AB9006EFC6E /* URLoginViewController.m */,
				5F88C28315545DD8006EFC6E /* URQueueViewController.h */,
				5F88C28415545DD8006EFC6E /* URQueueViewController.m */,
				5F8298A015CE2125002AE8E9 /* URQuestionViewController.h */,
				5F8298A115CE2125002AE8E9 /* URQuestionViewController.m */,
			);
			name = Controllers;
			sourceTree = "<group>";
		};
		5F92B8B8154876E9006AB042 = {
			isa = PBXGroup;
			children = (
				5FEE37621ACE527F009DDFC4 /* LaunchScreen.xib */,
				5FFCFDF3166EBCDD00F8300D /* Default-568h@2x.png */,
				5F92B8CD154876EA006AB042 /* ta_queue_ios */,
				5F92B8C6154876E9006AB042 /* Frameworks */,
				5F92B8C4154876E9006AB042 /* Products */,
				4E8CC288AF5A23EBD509244B /* Pods */,
			);
			sourceTree = "<group>";
		};
		5F92B8C4154876E9006AB042 /* Products */ = {
			isa = PBXGroup;
			children = (
				5F92B8C3154876E9006AB042 /* ta_queue_ios.app */,
			);
			name = Products;
			sourceTree = "<group>";
		};
		5F92B8C6154876E9006AB042 /* Frameworks */ = {
			isa = PBXGroup;
			children = (
				5F34D6A6162C9E8B00550241 /* libTestFlight.a */,
				5F7489DB15CC6A0A00DE3808 /* MessageUI.framework */,
				5FDBD3851627BA5000A83631 /* CoreTelephony.framework */,
				5F88C26615542311006EFC6E /* QuartzCore.framework */,
				5F88C2641554230A006EFC6E /* libxml2.dylib */,
				5F88C26215542303006EFC6E /* SystemConfiguration.framework */,
				5F88C260155422FC006EFC6E /* MobileCoreServices.framework */,
				5F88C25E155422F3006EFC6E /* Security.framework */,
				5F88C25C155422ED006EFC6E /* CoreData.framework */,
				5F88C25A155422E6006EFC6E /* CFNetwork.framework */,
				5F92B8C7154876E9006AB042 /* UIKit.framework */,
				5F92B8C9154876EA006AB042 /* Foundation.framework */,
				5F92B8CB154876EA006AB042 /* CoreGraphics.framework */,
				B8F312897FA241DAAAE72D47 /* libPods.a */,
				161BFB2C0A92593C7F36A195 /* libPods-ta_queue_ios.a */,
			);
			name = Frameworks;
			sourceTree = "<group>";
		};
		5F92B8CD154876EA006AB042 /* ta_queue_ios */ = {
			isa = PBXGroup;
			children = (
				5FEE37641ACE545A009DDFC4 /* Vendor */,
				5F7B329915A74F2800FD4973 /* Util */,
				5FB832A515B6840C00F4F037 /* Settings */,
				5FCE984E1558B4D400071715 /* Networking */,
				5F88C26D15542441006EFC6E /* Controllers */,
				5F88C26C15542432006EFC6E /* Models */,
				5F92B8D6154876EA006AB042 /* URAppDelegate.h */,
				5F92B8D7154876EA006AB042 /* URAppDelegate.m */,
				5F92B8D9154876EA006AB042 /* MainStoryboard_iPhone.storyboard */,
				5F92B8DC154876EA006AB042 /* MainStoryboard_iPad.storyboard */,
				5F92B8CE154876EA006AB042 /* Supporting Files */,
				5FEE37601ACE510A009DDFC4 /* Main.storyboard */,
				5FC1836F1AD3A0CB00029D9D /* Media.xcassets */,
				5FEBE9F61AD179E600154932 /* Images.xcassets */,
			);
			path = ta_queue_ios;
			sourceTree = "<group>";
		};
		5F92B8CE154876EA006AB042 /* Supporting Files */ = {
			isa = PBXGroup;
			children = (
				5FC9C43015CF8D97001984C6 /* icons */,
				5FE4B1F815CC2654002C3F42 /* SourceSansPro-Light.ttf */,
				5FE4B1F915CC2654002C3F42 /* SourceSansPro-Regular.ttf */,
				5F92B8CF154876EA006AB042 /* ta_queue_ios-Info.plist */,
				5F92B8D0154876EA006AB042 /* InfoPlist.strings */,
				5F92B8D3154876EA006AB042 /* main.m */,
				5F92B8D5154876EA006AB042 /* ta_queue_ios-Prefix.pch */,
			);
			name = "Supporting Files";
			sourceTree = "<group>";
		};
		5FB832A515B6840C00F4F037 /* Settings */ = {
			isa = PBXGroup;
			children = (
				5FB832A615B6844B00F4F037 /* URSchoolSettingsViewController.h */,
				5FB832A715B6844B00F4F037 /* URSchoolSettingsViewController.m */,
				5F7489D715CC651D00DE3808 /* URAboutViewController.h */,
				5F7489D815CC651D00DE3808 /* URAboutViewController.m */,
			);
			name = Settings;
			sourceTree = "<group>";
		};
		5FC9C43015CF8D97001984C6 /* icons */ = {
			isa = PBXGroup;
			children = (
				5FC9C42815CF8D8C001984C6 /* icon~iphone.png */,
				5FC9C42915CF8D8C001984C6 /* icon~iphone@2x.png */,
				5FC9C42A15CF8D8C001984C6 /* icon~ipad@2x.png */,
				5FC9C42B15CF8D8C001984C6 /* icon~ipad.png */,
			);
			name = icons;
			sourceTree = "<group>";
		};
		5FCE984E1558B4D400071715 /* Networking */ = {
			isa = PBXGroup;
			children = (
				5FC90FCD15A6B82A00B217E2 /* URLoginNetworkManager.h */,
				5FC90FCE15A6B82A00B217E2 /* URLoginNetworkManager.m */,
				5FC90FD115A6C4ED00B217E2 /* URQueueNetworkManager.h */,
				5FC90FD215A6C4ED00B217E2 /* URQueueNetworkManager.m */,
			);
			name = Networking;
			sourceTree = "<group>";
		};
		5FEE37641ACE545A009DDFC4 /* Vendor */ = {
			isa = PBXGroup;
			children = (
				5FEBE9EC1AD1770100154932 /* SSPullToRefresh.h */,
				5FEBE9ED1AD1770100154932 /* SSPullToRefreshDefaultContentView.h */,
				5FEBE9EE1AD1770100154932 /* SSPullToRefreshDefaultContentView.m */,
				5FEBE9EF1AD1770100154932 /* SSPullToRefreshSimpleContentView.h */,
				5FEBE9F01AD1770100154932 /* SSPullToRefreshSimpleContentView.m */,
				5FEBE9F11AD1770100154932 /* SSPullToRefreshView.h */,
				5FEBE9F21AD1770100154932 /* SSPullToRefreshView.m */,
			);
			name = Vendor;
			sourceTree = "<group>";
		};
/* End PBXGroup section */

/* Begin PBXNativeTarget section */
		5F92B8C2154876E9006AB042 /* ta_queue_ios */ = {
			isa = PBXNativeTarget;
			buildConfigurationList = 5F92B8F9154876EA006AB042 /* Build configuration list for PBXNativeTarget "ta_queue_ios" */;
			buildPhases = (
				5F92B8BF154876E9006AB042 /* Sources */,
				5F92B8C0154876E9006AB042 /* Frameworks */,
				5F92B8C1154876E9006AB042 /* Resources */,
			);
			buildRules = (
			);
			dependencies = (
			);
			name = ta_queue_ios;
			productName = ta_queue_ios;
			productReference = 5F92B8C3154876E9006AB042 /* ta_queue_ios.app */;
			productType = "com.apple.product-type.application";
		};
/* End PBXNativeTarget section */

/* Begin PBXProject section */
		5F92B8BA154876E9006AB042 /* Project object */ = {
			isa = PBXProject;
			attributes = {
				CLASSPREFIX = UR;
				LastTestingUpgradeCheck = 0620;
				LastUpgradeCheck = 0620;
				ORGANIZATIONNAME = "Mysterious Trousers";
				TargetAttributes = {
					5F92B8C2154876E9006AB042 = {
						DevelopmentTeam = 39PR36L393;
					};
				};
			};
			buildConfigurationList = 5F92B8BD154876E9006AB042 /* Build configuration list for PBXProject "ta_queue_ios" */;
			compatibilityVersion = "Xcode 3.2";
			developmentRegion = English;
			hasScannedForEncodings = 0;
			knownRegions = (
				en,
			);
			mainGroup = 5F92B8B8154876E9006AB042;
			productRefGroup = 5F92B8C4154876E9006AB042 /* Products */;
			projectDirPath = "";
			projectRoot = "";
			targets = (
				5F92B8C2154876E9006AB042 /* ta_queue_ios */,
			);
		};
/* End PBXProject section */

/* Begin PBXResourcesBuildPhase section */
		5F92B8C1154876E9006AB042 /* Resources */ = {
			isa = PBXResourcesBuildPhase;
			buildActionMask = 2147483647;
			files = (
				5F92B8D2154876EA006AB042 /* InfoPlist.strings in Resources */,
				5F92B8DB154876EA006AB042 /* MainStoryboard_iPhone.storyboard in Resources */,
				5FC183701AD3A0CB00029D9D /* Media.xcassets in Resources */,
				5F92B8DE154876EA006AB042 /* MainStoryboard_iPad.storyboard in Resources */,
				5FEBE9F71AD179E600154932 /* Images.xcassets in Resources */,
				5FE4B1FA15CC2654002C3F42 /* SourceSansPro-Light.ttf in Resources */,
				5FEE37631ACE527F009DDFC4 /* LaunchScreen.xib in Resources */,
				5FE4B1FB15CC2654002C3F42 /* SourceSansPro-Regular.ttf in Resources */,
				5FEE37611ACE510A009DDFC4 /* Main.storyboard in Resources */,
				5FC9C42C15CF8D8C001984C6 /* icon~iphone.png in Resources */,
				5FC9C42D15CF8D8C001984C6 /* icon~iphone@2x.png in Resources */,
				5FC9C42E15CF8D8C001984C6 /* icon~ipad@2x.png in Resources */,
				5FC9C42F15CF8D8C001984C6 /* icon~ipad.png in Resources */,
				5FFCFDF4166EBCDD00F8300D /* Default-568h@2x.png in Resources */,
			);
			runOnlyForDeploymentPostprocessing = 0;
		};
/* End PBXResourcesBuildPhase section */

/* Begin PBXSourcesBuildPhase section */
		5F92B8BF154876E9006AB042 /* Sources */ = {
			isa = PBXSourcesBuildPhase;
			buildActionMask = 2147483647;
			files = (
				5FEBE9F51AD1770100154932 /* SSPullToRefreshView.m in Sources */,
				5F92B8D4154876EA006AB042 /* main.m in Sources */,
				5F92B8D8154876EA006AB042 /* URAppDelegate.m in Sources */,
				5F92B8E1154876EA006AB042 /* URViewController.m in Sources */,
				5F88C26B15542426006EFC6E /* URSchool.m in Sources */,
				5F88C2701554247C006EFC6E /* URInstructor.m in Sources */,
				5F88C2731554248E006EFC6E /* URQueue.m in Sources */,
				5F88C2761554249A006EFC6E /* URStudent.m in Sources */,
				5F88C279155424A6006EFC6E /* URTa.m in Sources */,
				5F88C28215544AB9006EFC6E /* URLoginViewController.m in Sources */,
				5F88C28515545DD8006EFC6E /* URQueueViewController.m in Sources */,
				5F88C288155462C5006EFC6E /* URUser.m in Sources */,
				5F88C28B1554A2DF006EFC6E /* URObject.m in Sources */,
				5FEBE9F41AD1770100154932 /* SSPullToRefreshSimpleContentView.m in Sources */,
				5F88C2F715575FAF006EFC6E /* URJuggernautClient.m in Sources */,
				5FEBE9F31AD1770100154932 /* SSPullToRefreshDefaultContentView.m in Sources */,
				5FC90FCF15A6B82A00B217E2 /* URLoginNetworkManager.m in Sources */,
				5FC90FD315A6C4ED00B217E2 /* URQueueNetworkManager.m in Sources */,
				5F7B329715A725A000FD4973 /* URAlertView.m in Sources */,
				5F7B329C15A74F4300FD4973 /* URError.m in Sources */,
				5FB832A315B67B9F00F4F037 /* URDefaults.m in Sources */,
				5FB832A815B6844B00F4F037 /* URSchoolSettingsViewController.m in Sources */,
				5F7489D915CC651D00DE3808 /* URAboutViewController.m in Sources */,
				5F8298A215CE2126002AE8E9 /* URQuestionViewController.m in Sources */,
				5FFCFDF7166EC3F200F8300D /* NSString+HTML.m in Sources */,
				5FFCFDFA166EC4BB00F8300D /* GTMNSString+HTML.m in Sources */,
			);
			runOnlyForDeploymentPostprocessing = 0;
		};
/* End PBXSourcesBuildPhase section */

/* Begin PBXVariantGroup section */
		5F92B8D0154876EA006AB042 /* InfoPlist.strings */ = {
			isa = PBXVariantGroup;
			children = (
				5F92B8D1154876EA006AB042 /* en */,
			);
			name = InfoPlist.strings;
			sourceTree = "<group>";
		};
		5F92B8D9154876EA006AB042 /* MainStoryboard_iPhone.storyboard */ = {
			isa = PBXVariantGroup;
			children = (
				5F92B8DA154876EA006AB042 /* en */,
			);
			name = MainStoryboard_iPhone.storyboard;
			sourceTree = "<group>";
		};
		5F92B8DC154876EA006AB042 /* MainStoryboard_iPad.storyboard */ = {
			isa = PBXVariantGroup;
			children = (
				5F92B8DD154876EA006AB042 /* en */,
			);
			name = MainStoryboard_iPad.storyboard;
			sourceTree = "<group>";
		};
/* End PBXVariantGroup section */

/* Begin XCBuildConfiguration section */
		5F92B8F7154876EA006AB042 /* Debug */ = {
			isa = XCBuildConfiguration;
			buildSettings = {
				ALWAYS_SEARCH_USER_PATHS = NO;
				CLANG_ENABLE_MODULES = YES;
				CLANG_ENABLE_OBJC_ARC = YES;
				CLANG_WARN_BOOL_CONVERSION = YES;
				CLANG_WARN_CONSTANT_CONVERSION = YES;
				CLANG_WARN_EMPTY_BODY = YES;
				CLANG_WARN_ENUM_CONVERSION = YES;
				CLANG_WARN_INT_CONVERSION = YES;
				CLANG_WARN_UNREACHABLE_CODE = YES;
				CLANG_WARN__DUPLICATE_METHOD_MATCH = YES;
				CODE_SIGN_IDENTITY = "iPhone Developer";
				"CODE_SIGN_IDENTITY[sdk=iphoneos*]" = "iPhone Developer";
				COPY_PHASE_STRIP = NO;
				ENABLE_STRICT_OBJC_MSGSEND = YES;
				GCC_C_LANGUAGE_STANDARD = gnu99;
				GCC_DYNAMIC_NO_PIC = NO;
				GCC_OPTIMIZATION_LEVEL = 0;
				GCC_PREPROCESSOR_DEFINITIONS = (
					"DEBUG=1",
					"$(inherited)",
				);
				GCC_SYMBOLS_PRIVATE_EXTERN = NO;
				GCC_VERSION = com.apple.compilers.llvm.clang.1_0;
				GCC_WARN_64_TO_32_BIT_CONVERSION = YES;
				GCC_WARN_ABOUT_RETURN_TYPE = YES;
				GCC_WARN_UNDECLARED_SELECTOR = YES;
				GCC_WARN_UNINITIALIZED_AUTOS = YES;
				GCC_WARN_UNUSED_FUNCTION = YES;
				GCC_WARN_UNUSED_VARIABLE = YES;
				IPHONEOS_DEPLOYMENT_TARGET = 5.0;
				ONLY_ACTIVE_ARCH = YES;
				OTHER_LDFLAGS = (
					"-ObjC",
					"-all_load",
				);
				PROVISIONING_PROFILE = "";
				SDKROOT = iphoneos;
				TARGETED_DEVICE_FAMILY = "1,2";
			};
			name = Debug;
		};
		5F92B8F8154876EA006AB042 /* Release */ = {
			isa = XCBuildConfiguration;
			buildSettings = {
				ALWAYS_SEARCH_USER_PATHS = NO;
				CLANG_ENABLE_MODULES = YES;
				CLANG_ENABLE_OBJC_ARC = YES;
				CLANG_WARN_BOOL_CONVERSION = YES;
				CLANG_WARN_CONSTANT_CONVERSION = YES;
				CLANG_WARN_EMPTY_BODY = YES;
				CLANG_WARN_ENUM_CONVERSION = YES;
				CLANG_WARN_INT_CONVERSION = YES;
				CLANG_WARN_UNREACHABLE_CODE = YES;
				CLANG_WARN__DUPLICATE_METHOD_MATCH = YES;
				CODE_SIGN_IDENTITY = "iPhone Developer";
				"CODE_SIGN_IDENTITY[sdk=iphoneos*]" = "iPhone Developer";
				COPY_PHASE_STRIP = YES;
				ENABLE_STRICT_OBJC_MSGSEND = YES;
				GCC_C_LANGUAGE_STANDARD = gnu99;
				GCC_VERSION = com.apple.compilers.llvm.clang.1_0;
				GCC_WARN_64_TO_32_BIT_CONVERSION = YES;
				GCC_WARN_ABOUT_RETURN_TYPE = YES;
				GCC_WARN_UNDECLARED_SELECTOR = YES;
				GCC_WARN_UNINITIALIZED_AUTOS = YES;
				GCC_WARN_UNUSED_FUNCTION = YES;
				GCC_WARN_UNUSED_VARIABLE = YES;
				IPHONEOS_DEPLOYMENT_TARGET = 5.0;
				OTHER_CFLAGS = "-DNS_BLOCK_ASSERTIONS=1";
				OTHER_LDFLAGS = (
					"-ObjC",
					"-all_load",
				);
				PROVISIONING_PROFILE = "";
				SDKROOT = iphoneos;
				TARGETED_DEVICE_FAMILY = "1,2";
				VALIDATE_PRODUCT = YES;
			};
			name = Release;
		};
		5F92B8FA154876EA006AB042 /* Debug */ = {
			isa = XCBuildConfiguration;
			buildSettings = {
				ALWAYS_SEARCH_USER_PATHS = NO;
				ASSETCATALOG_COMPILER_APPICON_NAME = AppIcon;
				CODE_SIGN_IDENTITY = "iPhone Developer";
				"CODE_SIGN_IDENTITY[sdk=iphoneos*]" = "iPhone Developer";
				DSTROOT = /tmp/xcodeproj.dst;
				GCC_PRECOMPILE_PREFIX_HEADER = YES;
				GCC_PREFIX_HEADER = "ta_queue_ios/ta_queue_ios-Prefix.pch";
				GCC_VERSION = com.apple.compilers.llvm.clang.1_0;
				INFOPLIST_FILE = "ta_queue_ios/ta_queue_ios-Info.plist";
				IPHONEOS_DEPLOYMENT_TARGET = 8.0;
				LIBRARY_SEARCH_PATHS = "\"$(SRCROOT)\"";
				PRODUCT_NAME = "$(TARGET_NAME)";
				PROVISIONING_PROFILE = "";
				"PROVISIONING_PROFILE[sdk=iphoneos*]" = "06636398-C5D4-46E0-8FD7-AACCB6E6E5A7";
				SKIP_INSTALL = NO;
				WRAPPER_EXTENSION = app;
			};
			name = Debug;
		};
		5F92B8FB154876EA006AB042 /* Release */ = {
			isa = XCBuildConfiguration;
			buildSettings = {
				ALWAYS_SEARCH_USER_PATHS = NO;
				ASSETCATALOG_COMPILER_APPICON_NAME = AppIcon;
				CODE_SIGN_IDENTITY = "iPhone Developer";
				"CODE_SIGN_IDENTITY[sdk=iphoneos*]" = "iPhone Developer";
				DSTROOT = /tmp/xcodeproj.dst;
				GCC_PRECOMPILE_PREFIX_HEADER = YES;
				GCC_PREFIX_HEADER = "ta_queue_ios/ta_queue_ios-Prefix.pch";
				GCC_VERSION = com.apple.compilers.llvm.clang.1_0;
				INFOPLIST_FILE = "ta_queue_ios/ta_queue_ios-Info.plist";
				IPHONEOS_DEPLOYMENT_TARGET = 8.0;
				LIBRARY_SEARCH_PATHS = "\"$(SRCROOT)\"";
				PRODUCT_NAME = "$(TARGET_NAME)";
				PROVISIONING_PROFILE = "";
				"PROVISIONING_PROFILE[sdk=iphoneos*]" = "06636398-C5D4-46E0-8FD7-AACCB6E6E5A7";
				SKIP_INSTALL = NO;
				WRAPPER_EXTENSION = app;
			};
			name = Release;
		};
/* End XCBuildConfiguration section */

/* Begin XCConfigurationList section */
		5F92B8BD154876E9006AB042 /* Build configuration list for PBXProject "ta_queue_ios" */ = {
			isa = XCConfigurationList;
			buildConfigurations = (
				5F92B8F7154876EA006AB042 /* Debug */,
				5F92B8F8154876EA006AB042 /* Release */,
			);
			defaultConfigurationIsVisible = 0;
			defaultConfigurationName = Release;
		};
		5F92B8F9154876EA006AB042 /* Build configuration list for PBXNativeTarget "ta_queue_ios" */ = {
			isa = XCConfigurationList;
			buildConfigurations = (
				5F92B8FA154876EA006AB042 /* Debug */,
				5F92B8FB154876EA006AB042 /* Release */,
			);
			defaultConfigurationIsVisible = 0;
			defaultConfigurationName = Release;
		};
/* End XCConfigurationList section */
	};
	rootObject = 5F92B8BA154876E9006AB042 /* Project object */;
}
